
Microsoft Visual Studio Solution File, Format Version 12.00
# Visual Studio Version 16
VisualStudioVersion = 16.0.31005.135
MinimumVisualStudioVersion = 10.0.40219.1
Project("{888888A0-9F3D-457C-B088-3A5042F75D52}") = "Image-based_projection_labeling", "Image-based_projection_labeling.pyproj", "{29CDD08C-65AE-40AE-80EB-36C48392711E}"
EndProject
Global
	GlobalSection(SolutionConfigurationPlatforms) = preSolution
		Debug|Any CPU = Debug|Any CPU
		Release|Any CPU = Release|Any CPU
	EndGlobalSection
	GlobalSection(ProjectConfigurationPlatforms) = postSolution
		{29CDD08C-65AE-40AE-80EB-36C48392711E}.Debug|Any CPU.ActiveCfg = Debug|Any CPU
		{29CDD08C-65AE-40AE-80EB-36C48392711E}.Release|Any CPU.ActiveCfg = Release|Any CPU
	EndGlobalSection
	GlobalSection(SolutionProperties) = preSolution
		HideSolutionNode = FALSE
	EndGlobalSection
	GlobalSection(ExtensibilityGlobals) = postSolution
		SolutionGuid = {12FD1466-3286-49C6-B4DE-FDE9DBF9D3AF}
	EndGlobalSection
EndGlobal
